<Solution>
  <Folder Name="/src/">
    <Project Path="src/VinhKhanh.API/VinhKhanh.API.csproj" />
    <Project Path="src/VinhKhanh.Application/VinhKhanh.Application.csproj" />
    <Project Path="src/VinhKhanh.Domain/VinhKhanh.Domain.csproj" />
    <Project Path="src/VinhKhanh.Infrastructure/VinhKhanh.Infrastructure.csproj" />
  </Folder>
</Solution>
